
Microsoft Visual Studio Solution File, Format Version 12.00
# Visual Studio 2013
VisualStudioVersion = 12.0.31101.0
MinimumVisualStudioVersion = 10.0.40219.1
Project("{FAE04EC0-301F-11D3-BF4B-00C04F79EFBC}") = "SanatoriumApp.WebPortal", "SanatoriumApp.WebPortal\SanatoriumApp.WebPortal.csproj", "{35B5517C-F5AB-4B6A-8467-C04DA4E71D6E}"
EndProject
Project("{2150E333-8FDC-42A3-9474-1A3956D46DE8}") = "Core", "Core", "{1503650B-A625-48AC-9F8A-4E007B2B53D1}"
EndProject
Project("{FAE04EC0-301F-11D3-BF4B-00C04F79EFBC}") = "Core.Auth", "Core\Core.Auth\Core.Auth.csproj", "{93DB72DB-125C-4E4E-B414-292D62B0D0D3}"
EndProject
Project("{FAE04EC0-301F-11D3-BF4B-00C04F79EFBC}") = "Core.DAL", "Core\Core.DAL\Core.DAL.csproj", "{4E3DB88F-4085-4266-9C7D-F589B904CF01}"
EndProject
Project("{FAE04EC0-301F-11D3-BF4B-00C04F79EFBC}") = "Core.Domain", "Core\Core.Domain\Core.Domain.csproj", "{14CB9FCE-4FC5-4A07-A590-E6D6CA12DAE1}"
EndProject
Project("{FAE04EC0-301F-11D3-BF4B-00C04F79EFBC}") = "Core.Logging", "Core\Core.Logging\Core.Logging.csproj", "{A977614E-6F5A-47CD-897E-9B1C9D181E42}"
EndProject
Project("{FAE04EC0-301F-11D3-BF4B-00C04F79EFBC}") = "Core.Viewmodels", "Core\Core.Viewmodels\Core.Viewmodels.csproj", "{42567B49-A149-4D92-9095-DA7E7C401966}"
EndProject
Project("{FAE04EC0-301F-11D3-BF4B-00C04F79EFBC}") = "Core.Repositories", "Core\Core.Repositories\Core.Repositories.csproj", "{37C11C07-5BED-4451-A69D-5181EFD8F4C2}"
EndProject
Project("{FAE04EC0-301F-11D3-BF4B-00C04F79EFBC}") = "Core.Extensions", "Core\Core.Extensions\Core.Extensions.csproj", "{A14A1E80-1768-4005-9549-56A7F2355A27}"
EndProject
Project("{2150E333-8FDC-42A3-9474-1A3956D46DE8}") = "ExternalServices", "ExternalServices", "{258B3D78-4FC2-4A77-8CBC-B22B9163D4D8}"
EndProject
Project("{FAE04EC0-301F-11D3-BF4B-00C04F79EFBC}") = "SanatoriumApp.Repositories", "SanatoriumApp.Repositories\SanatoriumApp.Repositories.csproj", "{16D6A372-E638-4C54-B82A-3D2296524D06}"
EndProject
Project("{FAE04EC0-301F-11D3-BF4B-00C04F79EFBC}") = "SanatoriumApp.DAL", "SanatoriumApp.DAL\SanatoriumApp.DAL.csproj", "{D64D2CF2-E919-4FF7-8F5D-B1CBB68B6BA8}"
EndProject
Project("{2150E333-8FDC-42A3-9474-1A3956D46DE8}") = "Tools", "Tools", "{ECEF0EE3-4B7C-4871-8AB0-DF9E48B577A6}"
EndProject
Project("{FAE04EC0-301F-11D3-BF4B-00C04F79EFBC}") = "DBVersionControl", "Tools\DBVersionControl\DBVersionControl.csproj", "{5F9EAA56-D6A7-4401-A46E-9A7AFC8A5271}"
EndProject
Project("{FAE04EC0-301F-11D3-BF4B-00C04F79EFBC}") = "SanatoriumApp.Services", "SanatoriumApp.Services\SanatoriumApp.Services.csproj", "{23A41BBA-22CC-496D-91F7-F501668B24D0}"
EndProject
Project("{FAE04EC0-301F-11D3-BF4B-00C04F79EFBC}") = "SanatoriumApp.Viewmodels", "SanatoriumApp.Viewmodels\SanatoriumApp.Viewmodels.csproj", "{27C34C82-1319-43C8-99ED-B98E7E72ED37}"
EndProject
Project("{2150E333-8FDC-42A3-9474-1A3956D46DE8}") = ".nuget", ".nuget", "{4DABCCF5-48E6-4F85-BA4E-ACAB5253E90F}"
	ProjectSection(SolutionItems) = preProject
		.nuget\packages.config = .nuget\packages.config
	EndProjectSection
EndProject
Project("{FAE04EC0-301F-11D3-BF4B-00C04F79EFBC}") = "SanatoriumApp.Domain", "SanatoriumApp.Domain\SanatoriumApp.Domain.csproj", "{B9543CEC-32F3-4D64-8663-786C10C5C4EA}"
EndProject
Global
	GlobalSection(SolutionConfigurationPlatforms) = preSolution
		Debug|Any CPU = Debug|Any CPU
		Release|Any CPU = Release|Any CPU
	EndGlobalSection
	GlobalSection(ProjectConfigurationPlatforms) = postSolution
		{35B5517C-F5AB-4B6A-8467-C04DA4E71D6E}.Debug|Any CPU.ActiveCfg = Debug|Any CPU
		{35B5517C-F5AB-4B6A-8467-C04DA4E71D6E}.Debug|Any CPU.Build.0 = Debug|Any CPU
		{35B5517C-F5AB-4B6A-8467-C04DA4E71D6E}.Release|Any CPU.ActiveCfg = Release|Any CPU
		{35B5517C-F5AB-4B6A-8467-C04DA4E71D6E}.Release|Any CPU.Build.0 = Release|Any CPU
		{93DB72DB-125C-4E4E-B414-292D62B0D0D3}.Debug|Any CPU.ActiveCfg = Debug|Any CPU
		{93DB72DB-125C-4E4E-B414-292D62B0D0D3}.Debug|Any CPU.Build.0 = Debug|Any CPU
		{93DB72DB-125C-4E4E-B414-292D62B0D0D3}.Release|Any CPU.ActiveCfg = Release|Any CPU
		{93DB72DB-125C-4E4E-B414-292D62B0D0D3}.Release|Any CPU.Build.0 = Release|Any CPU
		{4E3DB88F-4085-4266-9C7D-F589B904CF01}.Debug|Any CPU.ActiveCfg = Debug|Any CPU
		{4E3DB88F-4085-4266-9C7D-F589B904CF01}.Debug|Any CPU.Build.0 = Debug|Any CPU
		{4E3DB88F-4085-4266-9C7D-F589B904CF01}.Release|Any CPU.ActiveCfg = Release|Any CPU
		{4E3DB88F-4085-4266-9C7D-F589B904CF01}.Release|Any CPU.Build.0 = Release|Any CPU
		{14CB9FCE-4FC5-4A07-A590-E6D6CA12DAE1}.Debug|Any CPU.ActiveCfg = Debug|Any CPU
		{14CB9FCE-4FC5-4A07-A590-E6D6CA12DAE1}.Debug|Any CPU.Build.0 = Debug|Any CPU
		{14CB9FCE-4FC5-4A07-A590-E6D6CA12DAE1}.Release|Any CPU.ActiveCfg = Release|Any CPU
		{14CB9FCE-4FC5-4A07-A590-E6D6CA12DAE1}.Release|Any CPU.Build.0 = Release|Any CPU
		{A977614E-6F5A-47CD-897E-9B1C9D181E42}.Debug|Any CPU.ActiveCfg = Debug|Any CPU
		{A977614E-6F5A-47CD-897E-9B1C9D181E42}.Debug|Any CPU.Build.0 = Debug|Any CPU
		{A977614E-6F5A-47CD-897E-9B1C9D181E42}.Release|Any CPU.ActiveCfg = Release|Any CPU
		{A977614E-6F5A-47CD-897E-9B1C9D181E42}.Release|Any CPU.Build.0 = Release|Any CPU
		{42567B49-A149-4D92-9095-DA7E7C401966}.Debug|Any CPU.ActiveCfg = Debug|Any CPU
		{42567B49-A149-4D92-9095-DA7E7C401966}.Debug|Any CPU.Build.0 = Debug|Any CPU
		{42567B49-A149-4D92-9095-DA7E7C401966}.Release|Any CPU.ActiveCfg = Release|Any CPU
		{42567B49-A149-4D92-9095-DA7E7C401966}.Release|Any CPU.Build.0 = Release|Any CPU
		{37C11C07-5BED-4451-A69D-5181EFD8F4C2}.Debug|Any CPU.ActiveCfg = Debug|Any CPU
		{37C11C07-5BED-4451-A69D-5181EFD8F4C2}.Debug|Any CPU.Build.0 = Debug|Any CPU
		{37C11C07-5BED-4451-A69D-5181EFD8F4C2}.Release|Any CPU.ActiveCfg = Release|Any CPU
		{37C11C07-5BED-4451-A69D-5181EFD8F4C2}.Release|Any CPU.Build.0 = Release|Any CPU
		{A14A1E80-1768-4005-9549-56A7F2355A27}.Debug|Any CPU.ActiveCfg = Debug|Any CPU
		{A14A1E80-1768-4005-9549-56A7F2355A27}.Debug|Any CPU.Build.0 = Debug|Any CPU
		{A14A1E80-1768-4005-9549-56A7F2355A27}.Release|Any CPU.ActiveCfg = Release|Any CPU
		{A14A1E80-1768-4005-9549-56A7F2355A27}.Release|Any CPU.Build.0 = Release|Any CPU
		{16D6A372-E638-4C54-B82A-3D2296524D06}.Debug|Any CPU.ActiveCfg = Debug|Any CPU
		{16D6A372-E638-4C54-B82A-3D2296524D06}.Debug|Any CPU.Build.0 = Debug|Any CPU
		{16D6A372-E638-4C54-B82A-3D2296524D06}.Release|Any CPU.ActiveCfg = Release|Any CPU
		{16D6A372-E638-4C54-B82A-3D2296524D06}.Release|Any CPU.Build.0 = Release|Any CPU
		{D64D2CF2-E919-4FF7-8F5D-B1CBB68B6BA8}.Debug|Any CPU.ActiveCfg = Debug|Any CPU
		{D64D2CF2-E919-4FF7-8F5D-B1CBB68B6BA8}.Debug|Any CPU.Build.0 = Debug|Any CPU
		{D64D2CF2-E919-4FF7-8F5D-B1CBB68B6BA8}.Release|Any CPU.ActiveCfg = Release|Any CPU
		{D64D2CF2-E919-4FF7-8F5D-B1CBB68B6BA8}.Release|Any CPU.Build.0 = Release|Any CPU
		{5F9EAA56-D6A7-4401-A46E-9A7AFC8A5271}.Debug|Any CPU.ActiveCfg = Debug|Any CPU
		{5F9EAA56-D6A7-4401-A46E-9A7AFC8A5271}.Debug|Any CPU.Build.0 = Debug|Any CPU
		{5F9EAA56-D6A7-4401-A46E-9A7AFC8A5271}.Release|Any CPU.ActiveCfg = Release|Any CPU
		{5F9EAA56-D6A7-4401-A46E-9A7AFC8A5271}.Release|Any CPU.Build.0 = Release|Any CPU
		{23A41BBA-22CC-496D-91F7-F501668B24D0}.Debug|Any CPU.ActiveCfg = Debug|Any CPU
		{23A41BBA-22CC-496D-91F7-F501668B24D0}.Debug|Any CPU.Build.0 = Debug|Any CPU
		{23A41BBA-22CC-496D-91F7-F501668B24D0}.Release|Any CPU.ActiveCfg = Release|Any CPU
		{23A41BBA-22CC-496D-91F7-F501668B24D0}.Release|Any CPU.Build.0 = Release|Any CPU
		{27C34C82-1319-43C8-99ED-B98E7E72ED37}.Debug|Any CPU.ActiveCfg = Debug|Any CPU
		{27C34C82-1319-43C8-99ED-B98E7E72ED37}.Debug|Any CPU.Build.0 = Debug|Any CPU
		{27C34C82-1319-43C8-99ED-B98E7E72ED37}.Release|Any CPU.ActiveCfg = Release|Any CPU
		{27C34C82-1319-43C8-99ED-B98E7E72ED37}.Release|Any CPU.Build.0 = Release|Any CPU
		{B9543CEC-32F3-4D64-8663-786C10C5C4EA}.Debug|Any CPU.ActiveCfg = Debug|Any CPU
		{B9543CEC-32F3-4D64-8663-786C10C5C4EA}.Debug|Any CPU.Build.0 = Debug|Any CPU
		{B9543CEC-32F3-4D64-8663-786C10C5C4EA}.Release|Any CPU.ActiveCfg = Release|Any CPU
		{B9543CEC-32F3-4D64-8663-786C10C5C4EA}.Release|Any CPU.Build.0 = Release|Any CPU
	EndGlobalSection
	GlobalSection(SolutionProperties) = preSolution
		HideSolutionNode = FALSE
	EndGlobalSection
	GlobalSection(NestedProjects) = preSolution
		{93DB72DB-125C-4E4E-B414-292D62B0D0D3} = {1503650B-A625-48AC-9F8A-4E007B2B53D1}
		{4E3DB88F-4085-4266-9C7D-F589B904CF01} = {1503650B-A625-48AC-9F8A-4E007B2B53D1}
		{14CB9FCE-4FC5-4A07-A590-E6D6CA12DAE1} = {1503650B-A625-48AC-9F8A-4E007B2B53D1}
		{A977614E-6F5A-47CD-897E-9B1C9D181E42} = {1503650B-A625-48AC-9F8A-4E007B2B53D1}
		{42567B49-A149-4D92-9095-DA7E7C401966} = {1503650B-A625-48AC-9F8A-4E007B2B53D1}
		{37C11C07-5BED-4451-A69D-5181EFD8F4C2} = {1503650B-A625-48AC-9F8A-4E007B2B53D1}
		{A14A1E80-1768-4005-9549-56A7F2355A27} = {1503650B-A625-48AC-9F8A-4E007B2B53D1}
		{5F9EAA56-D6A7-4401-A46E-9A7AFC8A5271} = {ECEF0EE3-4B7C-4871-8AB0-DF9E48B577A6}
	EndGlobalSection
EndGlobal
